
Microsoft Visual Studio Solution File, Format Version 12.00
# Visual Studio Version 17
VisualStudioVersion = 17.1.32407.343
MinimumVisualStudioVersion = 10.0.40219.1
Project("{FAE04EC0-301F-11D3-BF4B-00C04F79EFBC}") = "Logistica", "Logistica\Logistica.csproj", "{6787A47E-25E0-4FC4-B2E5-05582CDE5CA8}"
EndProject
Project("{FAE04EC0-301F-11D3-BF4B-00C04F79EFBC}") = "LogisticaLibrary", "LogisticaLibrary\LogisticaLibrary.csproj", "{05FC8AB1-DCC1-4FEF-B5F4-CDC8C8FC87A3}"
EndProject
Global
	GlobalSection(SolutionConfigurationPlatforms) = preSolution
		Debug|Any CPU = Debug|Any CPU
		Release|Any CPU = Release|Any CPU
	EndGlobalSection
	GlobalSection(ProjectConfigurationPlatforms) = postSolution
		{6787A47E-25E0-4FC4-B2E5-05582CDE5CA8}.Debug|Any CPU.ActiveCfg = Debug|Any CPU
		{6787A47E-25E0-4FC4-B2E5-05582CDE5CA8}.Debug|Any CPU.Build.0 = Debug|Any CPU
		{6787A47E-25E0-4FC4-B2E5-05582CDE5CA8}.Release|Any CPU.ActiveCfg = Release|Any CPU
		{6787A47E-25E0-4FC4-B2E5-05582CDE5CA8}.Release|Any CPU.Build.0 = Release|Any CPU
		{05FC8AB1-DCC1-4FEF-B5F4-CDC8C8FC87A3}.Debug|Any CPU.ActiveCfg = Debug|Any CPU
		{05FC8AB1-DCC1-4FEF-B5F4-CDC8C8FC87A3}.Debug|Any CPU.Build.0 = Debug|Any CPU
		{05FC8AB1-DCC1-4FEF-B5F4-CDC8C8FC87A3}.Release|Any CPU.ActiveCfg = Release|Any CPU
		{05FC8AB1-DCC1-4FEF-B5F4-CDC8C8FC87A3}.Release|Any CPU.Build.0 = Release|Any CPU
	EndGlobalSection
	GlobalSection(SolutionProperties) = preSolution
		HideSolutionNode = FALSE
	EndGlobalSection
	GlobalSection(ExtensibilityGlobals) = postSolution
		SolutionGuid = {D1F63751-D72F-4809-BFE2-5F95F7A76160}
	EndGlobalSection
EndGlobal
